
Microsoft Visual Studio Solution File, Format Version 12.00
# Visual Studio 14
VisualStudioVersion = 14.0.25420.1
MinimumVisualStudioVersion = 10.0.40219.1
Project("{FAE04EC0-301F-11D3-BF4B-00C04F79EFBC}") = "SpyClientConsole", "SpyClientConsole\SpyClientConsole.csproj", "{A5C93C57-A21F-4C24-8FDD-31344BFB1BDB}"
EndProject
Project("{FAE04EC0-301F-11D3-BF4B-00C04F79EFBC}") = "SpyClientLibrary", "SpyClientLibrary\SpyClientLibrary.csproj", "{523D9592-9E1D-4CF0-B1D0-667A058C1488}"
EndProject
Global
	GlobalSection(SolutionConfigurationPlatforms) = preSolution
		Debug|Any CPU = Debug|Any CPU
		Release|Any CPU = Release|Any CPU
	EndGlobalSection
	GlobalSection(ProjectConfigurationPlatforms) = postSolution
		{A5C93C57-A21F-4C24-8FDD-31344BFB1BDB}.Debug|Any CPU.ActiveCfg = Debug|Any CPU
		{A5C93C57-A21F-4C24-8FDD-31344BFB1BDB}.Debug|Any CPU.Build.0 = Debug|Any CPU
		{A5C93C57-A21F-4C24-8FDD-31344BFB1BDB}.Release|Any CPU.ActiveCfg = Release|Any CPU
		{A5C93C57-A21F-4C24-8FDD-31344BFB1BDB}.Release|Any CPU.Build.0 = Release|Any CPU
		{523D9592-9E1D-4CF0-B1D0-667A058C1488}.Debug|Any CPU.ActiveCfg = Debug|Any CPU
		{523D9592-9E1D-4CF0-B1D0-667A058C1488}.Debug|Any CPU.Build.0 = Debug|Any CPU
		{523D9592-9E1D-4CF0-B1D0-667A058C1488}.Release|Any CPU.ActiveCfg = Release|Any CPU
		{523D9592-9E1D-4CF0-B1D0-667A058C1488}.Release|Any CPU.Build.0 = Release|Any CPU
	EndGlobalSection
	GlobalSection(SolutionProperties) = preSolution
		HideSolutionNode = FALSE
	EndGlobalSection
EndGlobal
