
Microsoft Visual Studio Solution File, Format Version 12.00
# Visual Studio 14
VisualStudioVersion = 14.0.25420.1
MinimumVisualStudioVersion = 10.0.40219.1
Project("{FAE04EC0-301F-11D3-BF4B-00C04F79EFBC}") = "SpyClientConsole", "SpyClientConsole\SpyClientConsole.csproj", "{A5C93C57-A21F-4C24-8FDD-31344BFB1BDB}"
	ProjectSection(ProjectDependencies) = postProject
		{93E29D87-14C1-4FE0-AFFE-FE105778FE4E} = {93E29D87-14C1-4FE0-AFFE-FE105778FE4E}
	EndProjectSection
EndProject
Project("{FAE04EC0-301F-11D3-BF4B-00C04F79EFBC}") = "SpyClientLibrary", "SpyClientLibrary\SpyClientLibrary.csproj", "{523D9592-9E1D-4CF0-B1D0-667A058C1488}"
	ProjectSection(ProjectDependencies) = postProject
		{93E29D87-14C1-4FE0-AFFE-FE105778FE4E} = {93E29D87-14C1-4FE0-AFFE-FE105778FE4E}
	EndProjectSection
EndProject
Project("{FAE04EC0-301F-11D3-BF4B-00C04F79EFBC}") = "SpyWcfService", "SpyWcfService\SpyWcfService.csproj", "{93E29D87-14C1-4FE0-AFFE-FE105778FE4E}"
EndProject
Project("{FAE04EC0-301F-11D3-BF4B-00C04F79EFBC}") = "SpyAdminApplication", "SpyAdminApplication\SpyAdminApplication.csproj", "{ABAFADAF-F315-4A93-8F6E-6DAC57F89D69}"
	ProjectSection(ProjectDependencies) = postProject
		{93E29D87-14C1-4FE0-AFFE-FE105778FE4E} = {93E29D87-14C1-4FE0-AFFE-FE105778FE4E}
	EndProjectSection
EndProject
Global
	GlobalSection(SolutionConfigurationPlatforms) = preSolution
		Debug|Any CPU = Debug|Any CPU
		Release|Any CPU = Release|Any CPU
	EndGlobalSection
	GlobalSection(ProjectConfigurationPlatforms) = postSolution
		{A5C93C57-A21F-4C24-8FDD-31344BFB1BDB}.Debug|Any CPU.ActiveCfg = Debug|Any CPU
		{A5C93C57-A21F-4C24-8FDD-31344BFB1BDB}.Debug|Any CPU.Build.0 = Debug|Any CPU
		{A5C93C57-A21F-4C24-8FDD-31344BFB1BDB}.Release|Any CPU.ActiveCfg = Release|Any CPU
		{A5C93C57-A21F-4C24-8FDD-31344BFB1BDB}.Release|Any CPU.Build.0 = Release|Any CPU
		{523D9592-9E1D-4CF0-B1D0-667A058C1488}.Debug|Any CPU.ActiveCfg = Debug|Any CPU
		{523D9592-9E1D-4CF0-B1D0-667A058C1488}.Debug|Any CPU.Build.0 = Debug|Any CPU
		{523D9592-9E1D-4CF0-B1D0-667A058C1488}.Release|Any CPU.ActiveCfg = Release|Any CPU
		{523D9592-9E1D-4CF0-B1D0-667A058C1488}.Release|Any CPU.Build.0 = Release|Any CPU
		{93E29D87-14C1-4FE0-AFFE-FE105778FE4E}.Debug|Any CPU.ActiveCfg = Debug|Any CPU
		{93E29D87-14C1-4FE0-AFFE-FE105778FE4E}.Debug|Any CPU.Build.0 = Debug|Any CPU
		{93E29D87-14C1-4FE0-AFFE-FE105778FE4E}.Release|Any CPU.ActiveCfg = Release|Any CPU
		{93E29D87-14C1-4FE0-AFFE-FE105778FE4E}.Release|Any CPU.Build.0 = Release|Any CPU
		{ABAFADAF-F315-4A93-8F6E-6DAC57F89D69}.Debug|Any CPU.ActiveCfg = Debug|Any CPU
		{ABAFADAF-F315-4A93-8F6E-6DAC57F89D69}.Debug|Any CPU.Build.0 = Debug|Any CPU
		{ABAFADAF-F315-4A93-8F6E-6DAC57F89D69}.Release|Any CPU.ActiveCfg = Release|Any CPU
		{ABAFADAF-F315-4A93-8F6E-6DAC57F89D69}.Release|Any CPU.Build.0 = Release|Any CPU
	EndGlobalSection
	GlobalSection(SolutionProperties) = preSolution
		HideSolutionNode = FALSE
	EndGlobalSection
EndGlobal
